// !$*UTF8*$!
{
	archiveVersion = 1;
	classes = {
	};
	objectVersion = 50;
	objects = {

/* Begin PBXBuildFile section */
		EFFE415D24B9563500EAC028 /* AppDelegate.swift in Sources */ = {isa = PBXBuildFile; fileRef = EFFE415C24B9563500EAC028 /* AppDelegate.swift */; };
		EFFE415F24B9563500EAC028 /* SceneDelegate.swift in Sources */ = {isa = PBXBuildFile; fileRef = EFFE415E24B9563500EAC028 /* SceneDelegate.swift */; };
		EFFE416124B9563500EAC028 /* ViewController.swift in Sources */ = {isa = PBXBuildFile; fileRef = EFFE416024B9563500EAC028 /* ViewController.swift */; };
		EFFE416424B9563500EAC028 /* Main.storyboard in Resources */ = {isa = PBXBuildFile; fileRef = EFFE416224B9563500EAC028 /* Main.storyboard */; };
		EFFE416624B9563700EAC028 /* Assets.xcassets in Resources */ = {isa = PBXBuildFile; fileRef = EFFE416524B9563700EAC028 /* Assets.xcassets */; };
		EFFE416924B9563700EAC028 /* LaunchScreen.storyboard in Resources */ = {isa = PBXBuildFile; fileRef = EFFE416724B9563700EAC028 /* LaunchScreen.storyboard */; };
		EFFE417424B9563700EAC028 /* GoodNewsTests.swift in Sources */ = {isa = PBXBuildFile; fileRef = EFFE417324B9563700EAC028 /* GoodNewsTests.swift */; };
		EFFE417F24B9563700EAC028 /* GoodNewsUITests.swift in Sources */ = {isa = PBXBuildFile; fileRef = EFFE417E24B9563700EAC028 /* GoodNewsUITests.swift */; };
/* End PBXBuildFile section */

/* Begin PBXContainerItemProxy section */
		EFFE417024B9563700EAC028 /* PBXContainerItemProxy */ = {
			isa = PBXContainerItemProxy;
			containerPortal = EFFE415124B9563500EAC028 /* Project object */;
			proxyType = 1;
			remoteGlobalIDString = EFFE415824B9563500EAC028;
			remoteInfo = GoodNews;
		};
		EFFE417B24B9563700EAC028 /* PBXContainerItemProxy */ = {
			isa = PBXContainerItemProxy;
			containerPortal = EFFE415124B9563500EAC028 /* Project object */;
			proxyType = 1;
			remoteGlobalIDString = EFFE415824B9563500EAC028;
			remoteInfo = GoodNews;
		};
/* End PBXContainerItemProxy section */

/* Begin PBXFileReference section */
		EFFE415924B9563500EAC028 /* GoodNews.app */ = {isa = PBXFileReference; explicitFileType = wrapper.application; includeInIndex = 0; path = GoodNews.app; sourceTree = BUILT_PRODUCTS_DIR; };
		EFFE415C24B9563500EAC028 /* AppDelegate.swift */ = {isa = PBXFileReference; lastKnownFileType = sourcecode.swift; path = AppDelegate.swift; sourceTree = "<group>"; };
		EFFE415E24B9563500EAC028 /* SceneDelegate.swift */ = {isa = PBXFileReference; lastKnownFileType = sourcecode.swift; path = SceneDelegate.swift; sourceTree = "<group>"; };
		EFFE416024B9563500EAC028 /* ViewController.swift */ = {isa = PBXFileReference; lastKnownFileType = sourcecode.swift; path = ViewController.swift; sourceTree = "<group>"; };
		EFFE416324B9563500EAC028 /* Base */ = {isa = PBXFileReference; lastKnownFileType = file.storyboard; name = Base; path = Base.lproj/Main.storyboard; sourceTree = "<group>"; };
		EFFE416524B9563700EAC028 /* Assets.xcassets */ = {isa = PBXFileReference; lastKnownFileType = folder.assetcatalog; path = Assets.xcassets; sourceTree = "<group>"; };
		EFFE416824B9563700EAC028 /* Base */ = {isa = PBXFileReference; lastKnownFileType = file.storyboard; name = Base; path = Base.lproj/LaunchScreen.storyboard; sourceTree = "<group>"; };
		EFFE416A24B9563700EAC028 /* Info.plist */ = {isa = PBXFileReference; lastKnownFileType = text.plist.xml; path = Info.plist; sourceTree = "<group>"; };
		EFFE416F24B9563700EAC028 /* GoodNewsTests.xctest */ = {isa = PBXFileReference; explicitFileType = wrapper.cfbundle; includeInIndex = 0; path = GoodNewsTests.xctest; sourceTree = BUILT_PRODUCTS_DIR; };
		EFFE417324B9563700EAC028 /* GoodNewsTests.swift */ = {isa = PBXFileReference; lastKnownFileType = sourcecode.swift; path = GoodNewsTests.swift; sourceTree = "<group>"; };
		EFFE417524B9563700EAC028 /* Info.plist */ = {isa = PBXFileReference; lastKnownFileType = text.plist.xml; path = Info.plist; sourceTree = "<group>"; };
		EFFE417A24B9563700EAC028 /* GoodNewsUITests.xctest */ = {isa = PBXFileReference; explicitFileType = wrapper.cfbundle; includeInIndex = 0; path = GoodNewsUITests.xctest; sourceTree = BUILT_PRODUCTS_DIR; };
		EFFE417E24B9563700EAC028 /* GoodNewsUITests.swift */ = {isa = PBXFileReference; lastKnownFileType = sourcecode.swift; path = GoodNewsUITests.swift; sourceTree = "<group>"; };
		EFFE418024B9563700EAC028 /* Info.plist */ = {isa = PBXFileReference; lastKnownFileType = text.plist.xml; path = Info.plist; sourceTree = "<group>"; };
/* End PBXFileReference section */

/* Begin PBXFrameworksBuildPhase section */
		EFFE415624B9563500EAC028 /* Frameworks */ = {
			isa = PBXFrameworksBuildPhase;
			buildActionMask = 2147483647;
			files = (
			);
			runOnlyForDeploymentPostprocessing = 0;
		};
		EFFE416C24B9563700EAC028 /* Frameworks */ = {
			isa = PBXFrameworksBuildPhase;
			buildActionMask = 2147483647;
			files = (
			);
			runOnlyForDeploymentPostprocessing = 0;
		};
		EFFE417724B9563700EAC028 /* Frameworks */ = {
			isa = PBXFrameworksBuildPhase;
			buildActionMask = 2147483647;
			files = (
			);
			runOnlyForDeploymentPostprocessing = 0;
		};
/* End PBXFrameworksBuildPhase section */

/* Begin PBXGroup section */
		EFFE415024B9563500EAC028 = {
			isa = PBXGroup;
			children = (
				EFFE415B24B9563500EAC028 /* GoodNews */,
				EFFE417224B9563700EAC028 /* GoodNewsTests */,
				EFFE417D24B9563700EAC028 /* GoodNewsUITests */,
				EFFE415A24B9563500EAC028 /* Products */,
			);
			sourceTree = "<group>";
		};
		EFFE415A24B9563500EAC028 /* Products */ = {
			isa = PBXGroup;
			children = (
				EFFE415924B9563500EAC028 /* GoodNews.app */,
				EFFE416F24B9563700EAC028 /* GoodNewsTests.xctest */,
				EFFE417A24B9563700EAC028 /* GoodNewsUITests.xctest */,
			);
			name = Products;
			sourceTree = "<group>";
		};
		EFFE415B24B9563500EAC028 /* GoodNews */ = {
			isa = PBXGroup;
			children = (
				EFFE415C24B9563500EAC028 /* AppDelegate.swift */,
				EFFE415E24B9563500EAC028 /* SceneDelegate.swift */,
				EFFE416024B9563500EAC028 /* ViewController.swift */,
				EFFE416224B9563500EAC028 /* Main.storyboard */,
				EFFE416524B9563700EAC028 /* Assets.xcassets */,
				EFFE416724B9563700EAC028 /* LaunchScreen.storyboard */,
				EFFE416A24B9563700EAC028 /* Info.plist */,
			);
			path = GoodNews;
			sourceTree = "<group>";
		};
		EFFE417224B9563700EAC028 /* GoodNewsTests */ = {
			isa = PBXGroup;
			children = (
				EFFE417324B9563700EAC028 /* GoodNewsTests.swift */,
				EFFE417524B9563700EAC028 /* Info.plist */,
			);
			path = GoodNewsTests;
			sourceTree = "<group>";
		};
		EFFE417D24B9563700EAC028 /* GoodNewsUITests */ = {
			isa = PBXGroup;
			children = (
				EFFE417E24B9563700EAC028 /* GoodNewsUITests.swift */,
				EFFE418024B9563700EAC028 /* Info.plist */,
			);
			path = GoodNewsUITests;
			sourceTree = "<group>";
		};
/* End PBXGroup section */

/* Begin PBXNativeTarget section */
		EFFE415824B9563500EAC028 /* GoodNews */ = {
			isa = PBXNativeTarget;
			buildConfigurationList = EFFE418324B9563700EAC028 /* Build configuration list for PBXNativeTarget "GoodNews" */;
			buildPhases = (
				EFFE415524B9563500EAC028 /* Sources */,
				EFFE415624B9563500EAC028 /* Frameworks */,
				EFFE415724B9563500EAC028 /* Resources */,
			);
			buildRules = (
			);
			dependencies = (
			);
			name = GoodNews;
			productName = GoodNews;
			productReference = EFFE415924B9563500EAC028 /* GoodNews.app */;
			productType = "com.apple.product-type.application";
		};
		EFFE416E24B9563700EAC028 /* GoodNewsTests */ = {
			isa = PBXNativeTarget;
			buildConfigurationList = EFFE418624B9563700EAC028 /* Build configuration list for PBXNativeTarget "GoodNewsTests" */;
			buildPhases = (
				EFFE416B24B9563700EAC028 /* Sources */,
				EFFE416C24B9563700EAC028 /* Frameworks */,
				EFFE416D24B9563700EAC028 /* Resources */,
			);
			buildRules = (
			);
			dependencies = (
				EFFE417124B9563700EAC028 /* PBXTargetDependency */,
			);
			name = GoodNewsTests;
			productName = GoodNewsTests;
			productReference = EFFE416F24B9563700EAC028 /* GoodNewsTests.xctest */;
			productType = "com.apple.product-type.bundle.unit-test";
		};
		EFFE417924B9563700EAC028 /* GoodNewsUITests */ = {
			isa = PBXNativeTarget;
			buildConfigurationList = EFFE418924B9563700EAC028 /* Build configuration list for PBXNativeTarget "GoodNewsUITests" */;
			buildPhases = (
				EFFE417624B9563700EAC028 /* Sources */,
				EFFE417724B9563700EAC028 /* Frameworks */,
				EFFE417824B9563700EAC028 /* Resources */,
			);
			buildRules = (
			);
			dependencies = (
				EFFE417C24B9563700EAC028 /* PBXTargetDependency */,
			);
			name = GoodNewsUITests;
			productName = GoodNewsUITests;
			productReference = EFFE417A24B9563700EAC028 /* GoodNewsUITests.xctest */;
			productType = "com.apple.product-type.bundle.ui-testing";
		};
/* End PBXNativeTarget section */

/* Begin PBXProject section */
		EFFE415124B9563500EAC028 /* Project object */ = {
			isa = PBXProject;
			attributes = {
				LastSwiftUpdateCheck = 1150;
				LastUpgradeCheck = 1150;
				ORGANIZATIONNAME = Awislabs;
				TargetAttributes = {
					EFFE415824B9563500EAC028 = {
						CreatedOnToolsVersion = 11.5;
					};
					EFFE416E24B9563700EAC028 = {
						CreatedOnToolsVersion = 11.5;
						TestTargetID = EFFE415824B9563500EAC028;
					};
					EFFE417924B9563700EAC028 = {
						CreatedOnToolsVersion = 11.5;
						TestTargetID = EFFE415824B9563500EAC028;
					};
				};
			};
			buildConfigurationList = EFFE415424B9563500EAC028 /* Build configuration list for PBXProject "GoodNews" */;
			compatibilityVersion = "Xcode 9.3";
			developmentRegion = en;
			hasScannedForEncodings = 0;
			knownRegions = (
				en,
				Base,
			);
			mainGroup = EFFE415024B9563500EAC028;
			productRefGroup = EFFE415A24B9563500EAC028 /* Products */;
			projectDirPath = "";
			projectRoot = "";
			targets = (
				EFFE415824B9563500EAC028 /* GoodNews */,
				EFFE416E24B9563700EAC028 /* GoodNewsTests */,
				EFFE417924B9563700EAC028 /* GoodNewsUITests */,
			);
		};
/* End PBXProject section */

/* Begin PBXResourcesBuildPhase section */
		EFFE415724B9563500EAC028 /* Resources */ = {
			isa = PBXResourcesBuildPhase;
			buildActionMask = 2147483647;
			files = (
				EFFE416924B9563700EAC028 /* LaunchScreen.storyboard in Resources */,
				EFFE416624B9563700EAC028 /* Assets.xcassets in Resources */,
				EFFE416424B9563500EAC028 /* Main.storyboard in Resources */,
			);
			runOnlyForDeploymentPostprocessing = 0;
		};
		EFFE416D24B9563700EAC028 /* Resources */ = {
			isa = PBXResourcesBuildPhase;
			buildActionMask = 2147483647;
			files = (
			);
			runOnlyForDeploymentPostprocessing = 0;
		};
		EFFE417824B9563700EAC028 /* Resources */ = {
			isa = PBXResourcesBuildPhase;
			buildActionMask = 2147483647;
			files = (
			);
			runOnlyForDeploymentPostprocessing = 0;
		};
/* End PBXResourcesBuildPhase section */

/* Begin PBXSourcesBuildPhase section */
		EFFE415524B9563500EAC028 /* Sources */ = {
			isa = PBXSourcesBuildPhase;
			buildActionMask = 2147483647;
			files = (
				EFFE416124B9563500EAC028 /* ViewController.swift in Sources */,
				EFFE415D24B9563500EAC028 /* AppDelegate.swift in Sources */,
				EFFE415F24B9563500EAC028 /* SceneDelegate.swift in Sources */,
			);
			runOnlyForDeploymentPostprocessing = 0;
		};
		EFFE416B24B9563700EAC028 /* Sources */ = {
			isa = PBXSourcesBuildPhase;
			buildActionMask = 2147483647;
			files = (
				EFFE417424B9563700EAC028 /* GoodNewsTests.swift in Sources */,
			);
			runOnlyForDeploymentPostprocessing = 0;
		};
		EFFE417624B9563700EAC028 /* Sources */ = {
			isa = PBXSourcesBuildPhase;
			buildActionMask = 2147483647;
			files = (
				EFFE417F24B9563700EAC028 /* GoodNewsUITests.swift in Sources */,
			);
			runOnlyForDeploymentPostprocessing = 0;
		};
/* End PBXSourcesBuildPhase section */

/* Begin PBXTargetDependency section */
		EFFE417124B9563700EAC028 /* PBXTargetDependency */ = {
			isa = PBXTargetDependency;
			target = EFFE415824B9563500EAC028 /* GoodNews */;
			targetProxy = EFFE417024B9563700EAC028 /* PBXContainerItemProxy */;
		};
		EFFE417C24B9563700EAC028 /* PBXTargetDependency */ = {
			isa = PBXTargetDependency;
			target = EFFE415824B9563500EAC028 /* GoodNews */;
			targetProxy = EFFE417B24B9563700EAC028 /* PBXContainerItemProxy */;
		};
/* End PBXTargetDependency section */

/* Begin PBXVariantGroup section */
		EFFE416224B9563500EAC028 /* Main.storyboard */ = {
			isa = PBXVariantGroup;
			children = (
				EFFE416324B9563500EAC028 /* Base */,
			);
			name = Main.storyboard;
			sourceTree = "<group>";
		};
		EFFE416724B9563700EAC028 /* LaunchScreen.storyboard */ = {
			isa = PBXVariantGroup;
			children = (
				EFFE416824B9563700EAC028 /* Base */,
			);
			name = LaunchScreen.storyboard;
			sourceTree = "<group>";
		};
/* End PBXVariantGroup section */

/* Begin XCBuildConfiguration section */
		EFFE418124B9563700EAC028 /* Debug */ = {
			isa = XCBuildConfiguration;
			buildSettings = {
				ALWAYS_SEARCH_USER_PATHS = NO;
				CLANG_ANALYZER_NONNULL = YES;
				CLANG_ANALYZER_NUMBER_OBJECT_CONVERSION = YES_AGGRESSIVE;
				CLANG_CXX_LANGUAGE_STANDARD = "gnu++14";
				CLANG_CXX_LIBRARY = "libc++";
				CLANG_ENABLE_MODULES = YES;
				CLANG_ENABLE_OBJC_ARC = YES;
				CLANG_ENABLE_OBJC_WEAK = YES;
				CLANG_WARN_BLOCK_CAPTURE_AUTORELEASING = YES;
				CLANG_WARN_BOOL_CONVERSION = YES;
				CLANG_WARN_COMMA = YES;
				CLANG_WARN_CONSTANT_CONVERSION = YES;
				CLANG_WARN_DEPRECATED_OBJC_IMPLEMENTATIONS = YES;
				CLANG_WARN_DIRECT_OBJC_ISA_USAGE = YES_ERROR;
				CLANG_WARN_DOCUMENTATION_COMMENTS = YES;
				CLANG_WARN_EMPTY_BODY = YES;
				CLANG_WARN_ENUM_CONVERSION = YES;
				CLANG_WARN_INFINITE_RECURSION = YES;
				CLANG_WARN_INT_CONVERSION = YES;
				CLANG_WARN_NON_LITERAL_NULL_CONVERSION = YES;
				CLANG_WARN_OBJC_IMPLICIT_RETAIN_SELF = YES;
				CLANG_WARN_OBJC_LITERAL_CONVERSION = YES;
				CLANG_WARN_OBJC_ROOT_CLASS = YES_ERROR;
				CLANG_WARN_RANGE_LOOP_ANALYSIS = YES;
				CLANG_WARN_STRICT_PROTOTYPES = YES;
				CLANG_WARN_SUSPICIOUS_MOVE = YES;
				CLANG_WARN_UNGUARDED_AVAILABILITY = YES_AGGRESSIVE;
				CLANG_WARN_UNREACHABLE_CODE = YES;
				CLANG_WARN__DUPLICATE_METHOD_MATCH = YES;
				COPY_PHASE_STRIP = NO;
				DEBUG_INFORMATION_FORMAT = dwarf;
				ENABLE_STRICT_OBJC_MSGSEND = YES;
				ENABLE_TESTABILITY = YES;
				GCC_C_LANGUAGE_STANDARD = gnu11;
				GCC_DYNAMIC_NO_PIC = NO;
				GCC_NO_COMMON_BLOCKS = YES;
				GCC_OPTIMIZATION_LEVEL = 0;
				GCC_PREPROCESSOR_DEFINITIONS = (
					"DEBUG=1",
					"$(inherited)",
				);
				GCC_WARN_64_TO_32_BIT_CONVERSION = YES;
				GCC_WARN_ABOUT_RETURN_TYPE = YES_ERROR;
				GCC_WARN_UNDECLARED_SELECTOR = YES;
				GCC_WARN_UNINITIALIZED_AUTOS = YES_AGGRESSIVE;
				GCC_WARN_UNUSED_FUNCTION = YES;
				GCC_WARN_UNUSED_VARIABLE = YES;
				IPHONEOS_DEPLOYMENT_TARGET = 13.5;
				MTL_ENABLE_DEBUG_INFO = INCLUDE_SOURCE;
				MTL_FAST_MATH = YES;
				ONLY_ACTIVE_ARCH = YES;
				SDKROOT = iphoneos;
				SWIFT_ACTIVE_COMPILATION_CONDITIONS = DEBUG;
				SWIFT_OPTIMIZATION_LEVEL = "-Onone";
			};
			name = Debug;
		};
		EFFE418224B9563700EAC028 /* Release */ = {
			isa = XCBuildConfiguration;
			buildSettings = {
				ALWAYS_SEARCH_USER_PATHS = NO;
				CLANG_ANALYZER_NONNULL = YES;
				CLANG_ANALYZER_NUMBER_OBJECT_CONVERSION = YES_AGGRESSIVE;
				CLANG_CXX_LANGUAGE_STANDARD = "gnu++14";
				CLANG_CXX_LIBRARY = "libc++";
				CLANG_ENABLE_MODULES = YES;
				CLANG_ENABLE_OBJC_ARC = YES;
				CLANG_ENABLE_OBJC_WEAK = YES;
				CLANG_WARN_BLOCK_CAPTURE_AUTORELEASING = YES;
				CLANG_WARN_BOOL_CONVERSION = YES;
				CLANG_WARN_COMMA = YES;
				CLANG_WARN_CONSTANT_CONVERSION = YES;
				CLANG_WARN_DEPRECATED_OBJC_IMPLEMENTATIONS = YES;
				CLANG_WARN_DIRECT_OBJC_ISA_USAGE = YES_ERROR;
				CLANG_WARN_DOCUMENTATION_COMMENTS = YES;
				CLANG_WARN_EMPTY_BODY = YES;
				CLANG_WARN_ENUM_CONVERSION = YES;
				CLANG_WARN_INFINITE_RECURSION = YES;
				CLANG_WARN_INT_CONVERSION = YES;
				CLANG_WARN_NON_LITERAL_NULL_CONVERSION = YES;
				CLANG_WARN_OBJC_IMPLICIT_RETAIN_SELF = YES;
				CLANG_WARN_OBJC_LITERAL_CONVERSION = YES;
				CLANG_WARN_OBJC_ROOT_CLASS = YES_ERROR;
				CLANG_WARN_RANGE_LOOP_ANALYSIS = YES;
				CLANG_WARN_STRICT_PROTOTYPES = YES;
				CLANG_WARN_SUSPICIOUS_MOVE = YES;
				CLANG_WARN_UNGUARDED_AVAILABILITY = YES_AGGRESSIVE;
				CLANG_WARN_UNREACHABLE_CODE = YES;
				CLANG_WARN__DUPLICATE_METHOD_MATCH = YES;
				COPY_PHASE_STRIP = NO;
				DEBUG_INFORMATION_FORMAT = "dwarf-with-dsym";
				ENABLE_NS_ASSERTIONS = NO;
				ENABLE_STRICT_OBJC_MSGSEND = YES;
				GCC_C_LANGUAGE_STANDARD = gnu11;
				GCC_NO_COMMON_BLOCKS = YES;
				GCC_WARN_64_TO_32_BIT_CONVERSION = YES;
				GCC_WARN_ABOUT_RETURN_TYPE = YES_ERROR;
				GCC_WARN_UNDECLARED_SELECTOR = YES;
				GCC_WARN_UNINITIALIZED_AUTOS = YES_AGGRESSIVE;
				GCC_WARN_UNUSED_FUNCTION = YES;
				GCC_WARN_UNUSED_VARIABLE = YES;
				IPHONEOS_DEPLOYMENT_TARGET = 13.5;
				MTL_ENABLE_DEBUG_INFO = NO;
				MTL_FAST_MATH = YES;
				SDKROOT = iphoneos;
				SWIFT_COMPILATION_MODE = wholemodule;
				SWIFT_OPTIMIZATION_LEVEL = "-O";
				VALIDATE_PRODUCT = YES;
			};
			name = Release;
		};
		EFFE418424B9563700EAC028 /* Debug */ = {
			isa = XCBuildConfiguration;
			buildSettings = {
				ASSETCATALOG_COMPILER_APPICON_NAME = AppIcon;
				CODE_SIGN_STYLE = Automatic;
				DEVELOPMENT_TEAM = W2BDQRSF4K;
				INFOPLIST_FILE = GoodNews/Info.plist;
				LD_RUNPATH_SEARCH_PATHS = (
					"$(inherited)",
					"@executable_path/Frameworks",
				);
				PRODUCT_BUNDLE_IDENTIFIER = awislabs.com.GoodNews;
				PRODUCT_NAME = "$(TARGET_NAME)";
				SWIFT_VERSION = 5.0;
				TARGETED_DEVICE_FAMILY = "1,2";
			};
			name = Debug;
		};
		EFFE418524B9563700EAC028 /* Release */ = {
			isa = XCBuildConfiguration;
			buildSettings = {
				ASSETCATALOG_COMPILER_APPICON_NAME = AppIcon;
				CODE_SIGN_STYLE = Automatic;
				DEVELOPMENT_TEAM = W2BDQRSF4K;
				INFOPLIST_FILE = GoodNews/Info.plist;
				LD_RUNPATH_SEARCH_PATHS = (
					"$(inherited)",
					"@executable_path/Frameworks",
				);
				PRODUCT_BUNDLE_IDENTIFIER = awislabs.com.GoodNews;
				PRODUCT_NAME = "$(TARGET_NAME)";
				SWIFT_VERSION = 5.0;
				TARGETED_DEVICE_FAMILY = "1,2";
			};
			name = Release;
		};
		EFFE418724B9563700EAC028 /* Debug */ = {
			isa = XCBuildConfiguration;
			buildSettings = {
				ALWAYS_EMBED_SWIFT_STANDARD_LIBRARIES = YES;
				BUNDLE_LOADER = "$(TEST_HOST)";
				CODE_SIGN_STYLE = Automatic;
				DEVELOPMENT_TEAM = W2BDQRSF4K;
				INFOPLIST_FILE = GoodNewsTests/Info.plist;
				IPHONEOS_DEPLOYMENT_TARGET = 13.5;
				LD_RUNPATH_SEARCH_PATHS = (
					"$(inherited)",
					"@executable_path/Frameworks",
					"@loader_path/Frameworks",
				);
				PRODUCT_BUNDLE_IDENTIFIER = awislabs.com.GoodNewsTests;
				PRODUCT_NAME = "$(TARGET_NAME)";
				SWIFT_VERSION = 5.0;
				TARGETED_DEVICE_FAMILY = "1,2";
				TEST_HOST = "$(BUILT_PRODUCTS_DIR)/GoodNews.app/GoodNews";
			};
			name = Debug;
		};
		EFFE418824B9563700EAC028 /* Release */ = {
			isa = XCBuildConfiguration;
			buildSettings = {
				ALWAYS_EMBED_SWIFT_STANDARD_LIBRARIES = YES;
				BUNDLE_LOADER = "$(TEST_HOST)";
				CODE_SIGN_STYLE = Automatic;
				DEVELOPMENT_TEAM = W2BDQRSF4K;
				INFOPLIST_FILE = GoodNewsTests/Info.plist;
				IPHONEOS_DEPLOYMENT_TARGET = 13.5;
				LD_RUNPATH_SEARCH_PATHS = (
					"$(inherited)",
					"@executable_path/Frameworks",
					"@loader_path/Frameworks",
				);
				PRODUCT_BUNDLE_IDENTIFIER = awislabs.com.GoodNewsTests;
				PRODUCT_NAME = "$(TARGET_NAME)";
				SWIFT_VERSION = 5.0;
				TARGETED_DEVICE_FAMILY = "1,2";
				TEST_HOST = "$(BUILT_PRODUCTS_DIR)/GoodNews.app/GoodNews";
			};
			name = Release;
		};
		EFFE418A24B9563700EAC028 /* Debug */ = {
			isa = XCBuildConfiguration;
			buildSettings = {
				ALWAYS_EMBED_SWIFT_STANDARD_LIBRARIES = YES;
				CODE_SIGN_STYLE = Automatic;
				DEVELOPMENT_TEAM = W2BDQRSF4K;
				INFOPLIST_FILE = GoodNewsUITests/Info.plist;
				LD_RUNPATH_SEARCH_PATHS = (
					"$(inherited)",
					"@executable_path/Frameworks",
					"@loader_path/Frameworks",
				);
				PRODUCT_BUNDLE_IDENTIFIER = awislabs.com.GoodNewsUITests;
				PRODUCT_NAME = "$(TARGET_NAME)";
				SWIFT_VERSION = 5.0;
				TARGETED_DEVICE_FAMILY = "1,2";
				TEST_TARGET_NAME = GoodNews;
			};
			name = Debug;
		};
		EFFE418B24B9563700EAC028 /* Release */ = {
			isa = XCBuildConfiguration;
			buildSettings = {
				ALWAYS_EMBED_SWIFT_STANDARD_LIBRARIES = YES;
				CODE_SIGN_STYLE = Automatic;
				DEVELOPMENT_TEAM = W2BDQRSF4K;
				INFOPLIST_FILE = GoodNewsUITests/Info.plist;
				LD_RUNPATH_SEARCH_PATHS = (
					"$(inherited)",
					"@executable_path/Frameworks",
					"@loader_path/Frameworks",
				);
				PRODUCT_BUNDLE_IDENTIFIER = awislabs.com.GoodNewsUITests;
				PRODUCT_NAME = "$(TARGET_NAME)";
				SWIFT_VERSION = 5.0;
				TARGETED_DEVICE_FAMILY = "1,2";
				TEST_TARGET_NAME = GoodNews;
			};
			name = Release;
		};
/* End XCBuildConfiguration section */

/* Begin XCConfigurationList section */
		EFFE415424B9563500EAC028 /* Build configuration list for PBXProject "GoodNews" */ = {
			isa = XCConfigurationList;
			buildConfigurations = (
				EFFE418124B9563700EAC028 /* Debug */,
				EFFE418224B9563700EAC028 /* Release */,
			);
			defaultConfigurationIsVisible = 0;
			defaultConfigurationName = Release;
		};
		EFFE418324B9563700EAC028 /* Build configuration list for PBXNativeTarget "GoodNews" */ = {
			isa = XCConfigurationList;
			buildConfigurations = (
				EFFE418424B9563700EAC028 /* Debug */,
				EFFE418524B9563700EAC028 /* Release */,
			);
			defaultConfigurationIsVisible = 0;
			defaultConfigurationName = Release;
		};
		EFFE418624B9563700EAC028 /* Build configuration list for PBXNativeTarget "GoodNewsTests" */ = {
			isa = XCConfigurationList;
			buildConfigurations = (
				EFFE418724B9563700EAC028 /* Debug */,
				EFFE418824B9563700EAC028 /* Release */,
			);
			defaultConfigurationIsVisible = 0;
			defaultConfigurationName = Release;
		};
		EFFE418924B9563700EAC028 /* Build configuration list for PBXNativeTarget "GoodNewsUITests" */ = {
			isa = XCConfigurationList;
			buildConfigurations = (
				EFFE418A24B9563700EAC028 /* Debug */,
				EFFE418B24B9563700EAC028 /* Release */,
			);
			defaultConfigurationIsVisible = 0;
			defaultConfigurationName = Release;
		};
/* End XCConfigurationList section */
	};
	rootObject = EFFE415124B9563500EAC028 /* Project object */;
}
